
Microsoft Visual Studio Solution File, Format Version 12.00
# Visual Studio 15
VisualStudioVersion = 15.0.27004.2009
MinimumVisualStudioVersion = 10.0.40219.1
Project("{FAE04EC0-301F-11D3-BF4B-00C04F79EFBC}") = "BEST_WYR.Android", "BEST_WYR\BEST_WYR.Android\BEST_WYR.Android.csproj", "{EF759ACF-D4FC-4912-BE7A-03DD600F701F}"
EndProject
Project("{FAE04EC0-301F-11D3-BF4B-00C04F79EFBC}") = "BEST_WYR", "BEST_WYR\BEST_WYR\BEST_WYR.csproj", "{E58D9B01-AE14-467B-B735-83AF6B41B460}"
EndProject
Project("{FAE04EC0-301F-11D3-BF4B-00C04F79EFBC}") = "BEST_WYR.iOS", "BEST_WYR\BEST_WYR.iOS\BEST_WYR.iOS.csproj", "{C067D7D2-81FB-43EC-9BA0-4FC16E9A42CD}"
EndProject
Global
	GlobalSection(SolutionConfigurationPlatforms) = preSolution
		Ad-Hoc|Any CPU = Ad-Hoc|Any CPU
		Ad-Hoc|iPhone = Ad-Hoc|iPhone
		Ad-Hoc|iPhoneSimulator = Ad-Hoc|iPhoneSimulator
		AppStore|Any CPU = AppStore|Any CPU
		AppStore|iPhone = AppStore|iPhone
		AppStore|iPhoneSimulator = AppStore|iPhoneSimulator
		Debug|Any CPU = Debug|Any CPU
		Debug|iPhone = Debug|iPhone
		Debug|iPhoneSimulator = Debug|iPhoneSimulator
		Release|Any CPU = Release|Any CPU
		Release|iPhone = Release|iPhone
		Release|iPhoneSimulator = Release|iPhoneSimulator
	EndGlobalSection
	GlobalSection(ProjectConfigurationPlatforms) = postSolution
		{EF759ACF-D4FC-4912-BE7A-03DD600F701F}.Ad-Hoc|Any CPU.ActiveCfg = Release|Any CPU
		{EF759ACF-D4FC-4912-BE7A-03DD600F701F}.Ad-Hoc|Any CPU.Build.0 = Release|Any CPU
		{EF759ACF-D4FC-4912-BE7A-03DD600F701F}.Ad-Hoc|Any CPU.Deploy.0 = Release|Any CPU
		{EF759ACF-D4FC-4912-BE7A-03DD600F701F}.Ad-Hoc|iPhone.ActiveCfg = Release|Any CPU
		{EF759ACF-D4FC-4912-BE7A-03DD600F701F}.Ad-Hoc|iPhone.Build.0 = Release|Any CPU
		{EF759ACF-D4FC-4912-BE7A-03DD600F701F}.Ad-Hoc|iPhone.Deploy.0 = Release|Any CPU
		{EF759ACF-D4FC-4912-BE7A-03DD600F701F}.Ad-Hoc|iPhoneSimulator.ActiveCfg = Release|Any CPU
		{EF759ACF-D4FC-4912-BE7A-03DD600F701F}.Ad-Hoc|iPhoneSimulator.Build.0 = Release|Any CPU
		{EF759ACF-D4FC-4912-BE7A-03DD600F701F}.Ad-Hoc|iPhoneSimulator.Deploy.0 = Release|Any CPU
		{EF759ACF-D4FC-4912-BE7A-03DD600F701F}.AppStore|Any CPU.ActiveCfg = Release|Any CPU
		{EF759ACF-D4FC-4912-BE7A-03DD600F701F}.AppStore|Any CPU.Build.0 = Release|Any CPU
		{EF759ACF-D4FC-4912-BE7A-03DD600F701F}.AppStore|Any CPU.Deploy.0 = Release|Any CPU
		{EF759ACF-D4FC-4912-BE7A-03DD600F701F}.AppStore|iPhone.ActiveCfg = Release|Any CPU
		{EF759ACF-D4FC-4912-BE7A-03DD600F701F}.AppStore|iPhone.Build.0 = Release|Any CPU
		{EF759ACF-D4FC-4912-BE7A-03DD600F701F}.AppStore|iPhone.Deploy.0 = Release|Any CPU
		{EF759ACF-D4FC-4912-BE7A-03DD600F701F}.AppStore|iPhoneSimulator.ActiveCfg = Release|Any CPU
		{EF759ACF-D4FC-4912-BE7A-03DD600F701F}.AppStore|iPhoneSimulator.Build.0 = Release|Any CPU
		{EF759ACF-D4FC-4912-BE7A-03DD600F701F}.AppStore|iPhoneSimulator.Deploy.0 = Release|Any CPU
		{EF759ACF-D4FC-4912-BE7A-03DD600F701F}.Debug|Any CPU.ActiveCfg = Debug|Any CPU
		{EF759ACF-D4FC-4912-BE7A-03DD600F701F}.Debug|Any CPU.Build.0 = Debug|Any CPU
		{EF759ACF-D4FC-4912-BE7A-03DD600F701F}.Debug|Any CPU.Deploy.0 = Debug|Any CPU
		{EF759ACF-D4FC-4912-BE7A-03DD600F701F}.Debug|iPhone.ActiveCfg = Debug|Any CPU
		{EF759ACF-D4FC-4912-BE7A-03DD600F701F}.Debug|iPhone.Build.0 = Debug|Any CPU
		{EF759ACF-D4FC-4912-BE7A-03DD600F701F}.Debug|iPhone.Deploy.0 = Debug|Any CPU
		{EF759ACF-D4FC-4912-BE7A-03DD600F701F}.Debug|iPhoneSimulator.ActiveCfg = Debug|Any CPU
		{EF759ACF-D4FC-4912-BE7A-03DD600F701F}.Debug|iPhoneSimulator.Build.0 = Debug|Any CPU
		{EF759ACF-D4FC-4912-BE7A-03DD600F701F}.Debug|iPhoneSimulator.Deploy.0 = Debug|Any CPU
		{EF759ACF-D4FC-4912-BE7A-03DD600F701F}.Release|Any CPU.ActiveCfg = Release|Any CPU
		{EF759ACF-D4FC-4912-BE7A-03DD600F701F}.Release|Any CPU.Build.0 = Release|Any CPU
		{EF759ACF-D4FC-4912-BE7A-03DD600F701F}.Release|Any CPU.Deploy.0 = Release|Any CPU
		{EF759ACF-D4FC-4912-BE7A-03DD600F701F}.Release|iPhone.ActiveCfg = Release|Any CPU
		{EF759ACF-D4FC-4912-BE7A-03DD600F701F}.Release|iPhone.Build.0 = Release|Any CPU
		{EF759ACF-D4FC-4912-BE7A-03DD600F701F}.Release|iPhone.Deploy.0 = Release|Any CPU
		{EF759ACF-D4FC-4912-BE7A-03DD600F701F}.Release|iPhoneSimulator.ActiveCfg = Release|Any CPU
		{EF759ACF-D4FC-4912-BE7A-03DD600F701F}.Release|iPhoneSimulator.Build.0 = Release|Any CPU
		{EF759ACF-D4FC-4912-BE7A-03DD600F701F}.Release|iPhoneSimulator.Deploy.0 = Release|Any CPU
		{E58D9B01-AE14-467B-B735-83AF6B41B460}.Ad-Hoc|Any CPU.ActiveCfg = Release|Any CPU
		{E58D9B01-AE14-467B-B735-83AF6B41B460}.Ad-Hoc|Any CPU.Build.0 = Release|Any CPU
		{E58D9B01-AE14-467B-B735-83AF6B41B460}.Ad-Hoc|iPhone.ActiveCfg = Release|Any CPU
		{E58D9B01-AE14-467B-B735-83AF6B41B460}.Ad-Hoc|iPhone.Build.0 = Release|Any CPU
		{E58D9B01-AE14-467B-B735-83AF6B41B460}.Ad-Hoc|iPhoneSimulator.ActiveCfg = Release|Any CPU
		{E58D9B01-AE14-467B-B735-83AF6B41B460}.Ad-Hoc|iPhoneSimulator.Build.0 = Release|Any CPU
		{E58D9B01-AE14-467B-B735-83AF6B41B460}.AppStore|Any CPU.ActiveCfg = Release|Any CPU
		{E58D9B01-AE14-467B-B735-83AF6B41B460}.AppStore|Any CPU.Build.0 = Release|Any CPU
		{E58D9B01-AE14-467B-B735-83AF6B41B460}.AppStore|iPhone.ActiveCfg = Release|Any CPU
		{E58D9B01-AE14-467B-B735-83AF6B41B460}.AppStore|iPhone.Build.0 = Release|Any CPU
		{E58D9B01-AE14-467B-B735-83AF6B41B460}.AppStore|iPhoneSimulator.ActiveCfg = Release|Any CPU
		{E58D9B01-AE14-467B-B735-83AF6B41B460}.AppStore|iPhoneSimulator.Build.0 = Release|Any CPU
		{E58D9B01-AE14-467B-B735-83AF6B41B460}.Debug|Any CPU.ActiveCfg = Debug|Any CPU
		{E58D9B01-AE14-467B-B735-83AF6B41B460}.Debug|Any CPU.Build.0 = Debug|Any CPU
		{E58D9B01-AE14-467B-B735-83AF6B41B460}.Debug|iPhone.ActiveCfg = Debug|Any CPU
		{E58D9B01-AE14-467B-B735-83AF6B41B460}.Debug|iPhone.Build.0 = Debug|Any CPU
		{E58D9B01-AE14-467B-B735-83AF6B41B460}.Debug|iPhoneSimulator.ActiveCfg = Debug|Any CPU
		{E58D9B01-AE14-467B-B735-83AF6B41B460}.Debug|iPhoneSimulator.Build.0 = Debug|Any CPU
		{E58D9B01-AE14-467B-B735-83AF6B41B460}.Release|Any CPU.ActiveCfg = Release|Any CPU
		{E58D9B01-AE14-467B-B735-83AF6B41B460}.Release|Any CPU.Build.0 = Release|Any CPU
		{E58D9B01-AE14-467B-B735-83AF6B41B460}.Release|iPhone.ActiveCfg = Release|Any CPU
		{E58D9B01-AE14-467B-B735-83AF6B41B460}.Release|iPhone.Build.0 = Release|Any CPU
		{E58D9B01-AE14-467B-B735-83AF6B41B460}.Release|iPhoneSimulator.ActiveCfg = Release|Any CPU
		{E58D9B01-AE14-467B-B735-83AF6B41B460}.Release|iPhoneSimulator.Build.0 = Release|Any CPU
		{C067D7D2-81FB-43EC-9BA0-4FC16E9A42CD}.Ad-Hoc|Any CPU.ActiveCfg = Ad-Hoc|iPhoneSimulator
		{C067D7D2-81FB-43EC-9BA0-4FC16E9A42CD}.Ad-Hoc|iPhone.ActiveCfg = Ad-Hoc|iPhone
		{C067D7D2-81FB-43EC-9BA0-4FC16E9A42CD}.Ad-Hoc|iPhone.Build.0 = Ad-Hoc|iPhone
		{C067D7D2-81FB-43EC-9BA0-4FC16E9A42CD}.Ad-Hoc|iPhoneSimulator.ActiveCfg = Ad-Hoc|iPhoneSimulator
		{C067D7D2-81FB-43EC-9BA0-4FC16E9A42CD}.Ad-Hoc|iPhoneSimulator.Build.0 = Ad-Hoc|iPhoneSimulator
		{C067D7D2-81FB-43EC-9BA0-4FC16E9A42CD}.AppStore|Any CPU.ActiveCfg = AppStore|iPhoneSimulator
		{C067D7D2-81FB-43EC-9BA0-4FC16E9A42CD}.AppStore|iPhone.ActiveCfg = AppStore|iPhone
		{C067D7D2-81FB-43EC-9BA0-4FC16E9A42CD}.AppStore|iPhone.Build.0 = AppStore|iPhone
		{C067D7D2-81FB-43EC-9BA0-4FC16E9A42CD}.AppStore|iPhoneSimulator.ActiveCfg = AppStore|iPhoneSimulator
		{C067D7D2-81FB-43EC-9BA0-4FC16E9A42CD}.AppStore|iPhoneSimulator.Build.0 = AppStore|iPhoneSimulator
		{C067D7D2-81FB-43EC-9BA0-4FC16E9A42CD}.Debug|Any CPU.ActiveCfg = Debug|iPhoneSimulator
		{C067D7D2-81FB-43EC-9BA0-4FC16E9A42CD}.Debug|iPhone.ActiveCfg = Debug|iPhone
		{C067D7D2-81FB-43EC-9BA0-4FC16E9A42CD}.Debug|iPhone.Build.0 = Debug|iPhone
		{C067D7D2-81FB-43EC-9BA0-4FC16E9A42CD}.Debug|iPhoneSimulator.ActiveCfg = Debug|iPhoneSimulator
		{C067D7D2-81FB-43EC-9BA0-4FC16E9A42CD}.Debug|iPhoneSimulator.Build.0 = Debug|iPhoneSimulator
		{C067D7D2-81FB-43EC-9BA0-4FC16E9A42CD}.Release|Any CPU.ActiveCfg = Release|iPhoneSimulator
		{C067D7D2-81FB-43EC-9BA0-4FC16E9A42CD}.Release|iPhone.ActiveCfg = Release|iPhone
		{C067D7D2-81FB-43EC-9BA0-4FC16E9A42CD}.Release|iPhone.Build.0 = Release|iPhone
		{C067D7D2-81FB-43EC-9BA0-4FC16E9A42CD}.Release|iPhoneSimulator.ActiveCfg = Release|iPhoneSimulator
		{C067D7D2-81FB-43EC-9BA0-4FC16E9A42CD}.Release|iPhoneSimulator.Build.0 = Release|iPhoneSimulator
	EndGlobalSection
	GlobalSection(SolutionProperties) = preSolution
		HideSolutionNode = FALSE
	EndGlobalSection
	GlobalSection(ExtensibilityGlobals) = postSolution
		SolutionGuid = {9356F9D4-9680-4175-A74D-F94752BACDD8}
	EndGlobalSection
EndGlobal
